
Microsoft Visual Studio Solution File, Format Version 12.00
# Visual Studio 15
VisualStudioVersion = 15.0.28307.168
MinimumVisualStudioVersion = 10.0.40219.1
Project("{9A19103F-16F7-4668-BE54-9A1E7A4F7556}") = "AWSLambda.Tests", "test\AWSLambda.Tests\AWSLambda.Tests.csproj", "{E696C178-2CEA-4AA3-A4CE-C6196D562AC2}"
EndProject
Project("{9A19103F-16F7-4668-BE54-9A1E7A4F7556}") = "LambdaCore", "src\LambdaCore\LambdaCore.csproj", "{3C69732E-7C7E-4F36-BCF2-643FC70D29D6}"
EndProject
Project("{2150E333-8FDC-42A3-9474-1A3956D46DE8}") = "src", "src", "{E07B933D-9EA4-44C3-9407-72F1B11102E2}"
EndProject
Project("{2150E333-8FDC-42A3-9474-1A3956D46DE8}") = "test", "test", "{844B3974-B980-469D-AF36-DD18516CABFD}"
EndProject
Project("{2150E333-8FDC-42A3-9474-1A3956D46DE8}") = "Adapters", "Adapters", "{765EC8AA-9B91-4734-8849-95D339B68601}"
EndProject
Project("{9A19103F-16F7-4668-BE54-9A1E7A4F7556}") = "Persistence.Adapter", "src\Adapters\Persistence.Adapter\Persistence.Adapter.csproj", "{3B9CC54F-C1D9-42E1-A12B-BECC4D286C16}"
EndProject
Project("{9A19103F-16F7-4668-BE54-9A1E7A4F7556}") = "AWSLambda", "src\AWSLambda\AWSLambda.csproj", "{2317A78D-77BF-472A-AC8B-024B15BC6252}"
EndProject
Project("{9A19103F-16F7-4668-BE54-9A1E7A4F7556}") = "SecretManagement.Adapter", "src\Adapters\SecretManagement.Adapter\SecretManagement.Adapter.csproj", "{136C3177-ECBC-4F50-A20E-683E02C135F6}"
EndProject
Project("{2150E333-8FDC-42A3-9474-1A3956D46DE8}") = "Solution Items", "Solution Items", "{3A2431D4-C52D-4E6E-9288-1287B64F7166}"
	ProjectSection(SolutionItems) = preProject
		.editorconfig = .editorconfig
		build.cake = build.cake
		build.ps1 = build.ps1
		build.sh = build.sh
		cake.config = cake.config
		cloudformation\cloudformation.yaml = cloudformation\cloudformation.yaml
		cloudformation\testing.parameters.json = cloudformation\testing.parameters.json
	EndProjectSection
EndProject
Global
	GlobalSection(SolutionConfigurationPlatforms) = preSolution
		Debug|Any CPU = Debug|Any CPU
		Release|Any CPU = Release|Any CPU
	EndGlobalSection
	GlobalSection(ProjectConfigurationPlatforms) = postSolution
		{E696C178-2CEA-4AA3-A4CE-C6196D562AC2}.Debug|Any CPU.ActiveCfg = Debug|Any CPU
		{E696C178-2CEA-4AA3-A4CE-C6196D562AC2}.Debug|Any CPU.Build.0 = Debug|Any CPU
		{E696C178-2CEA-4AA3-A4CE-C6196D562AC2}.Release|Any CPU.ActiveCfg = Release|Any CPU
		{E696C178-2CEA-4AA3-A4CE-C6196D562AC2}.Release|Any CPU.Build.0 = Release|Any CPU
		{3C69732E-7C7E-4F36-BCF2-643FC70D29D6}.Debug|Any CPU.ActiveCfg = Debug|Any CPU
		{3C69732E-7C7E-4F36-BCF2-643FC70D29D6}.Debug|Any CPU.Build.0 = Debug|Any CPU
		{3C69732E-7C7E-4F36-BCF2-643FC70D29D6}.Release|Any CPU.ActiveCfg = Release|Any CPU
		{3C69732E-7C7E-4F36-BCF2-643FC70D29D6}.Release|Any CPU.Build.0 = Release|Any CPU
		{3B9CC54F-C1D9-42E1-A12B-BECC4D286C16}.Debug|Any CPU.ActiveCfg = Debug|Any CPU
		{3B9CC54F-C1D9-42E1-A12B-BECC4D286C16}.Debug|Any CPU.Build.0 = Debug|Any CPU
		{3B9CC54F-C1D9-42E1-A12B-BECC4D286C16}.Release|Any CPU.ActiveCfg = Release|Any CPU
		{3B9CC54F-C1D9-42E1-A12B-BECC4D286C16}.Release|Any CPU.Build.0 = Release|Any CPU
		{2317A78D-77BF-472A-AC8B-024B15BC6252}.Debug|Any CPU.ActiveCfg = Debug|Any CPU
		{2317A78D-77BF-472A-AC8B-024B15BC6252}.Debug|Any CPU.Build.0 = Debug|Any CPU
		{2317A78D-77BF-472A-AC8B-024B15BC6252}.Release|Any CPU.ActiveCfg = Release|Any CPU
		{2317A78D-77BF-472A-AC8B-024B15BC6252}.Release|Any CPU.Build.0 = Release|Any CPU
		{136C3177-ECBC-4F50-A20E-683E02C135F6}.Debug|Any CPU.ActiveCfg = Debug|Any CPU
		{136C3177-ECBC-4F50-A20E-683E02C135F6}.Debug|Any CPU.Build.0 = Debug|Any CPU
		{136C3177-ECBC-4F50-A20E-683E02C135F6}.Release|Any CPU.ActiveCfg = Release|Any CPU
		{136C3177-ECBC-4F50-A20E-683E02C135F6}.Release|Any CPU.Build.0 = Release|Any CPU
	EndGlobalSection
	GlobalSection(SolutionProperties) = preSolution
		HideSolutionNode = FALSE
	EndGlobalSection
	GlobalSection(NestedProjects) = preSolution
		{E696C178-2CEA-4AA3-A4CE-C6196D562AC2} = {844B3974-B980-469D-AF36-DD18516CABFD}
		{3C69732E-7C7E-4F36-BCF2-643FC70D29D6} = {E07B933D-9EA4-44C3-9407-72F1B11102E2}
		{765EC8AA-9B91-4734-8849-95D339B68601} = {E07B933D-9EA4-44C3-9407-72F1B11102E2}
		{3B9CC54F-C1D9-42E1-A12B-BECC4D286C16} = {765EC8AA-9B91-4734-8849-95D339B68601}
		{2317A78D-77BF-472A-AC8B-024B15BC6252} = {E07B933D-9EA4-44C3-9407-72F1B11102E2}
		{136C3177-ECBC-4F50-A20E-683E02C135F6} = {765EC8AA-9B91-4734-8849-95D339B68601}
	EndGlobalSection
	GlobalSection(ExtensibilityGlobals) = postSolution
		SolutionGuid = {7B43FD23-9679-4435-8FA3-6A0385AC5A5C}
	EndGlobalSection
EndGlobal
